// !$*UTF8*$!
{
	archiveVersion = 1;
	classes = {
	};
	objectVersion = 50;
	objects = {

/* Begin PBXBuildFile section */
		1D21719D207BFB360052D824 /* AppDelegate.swift in Sources */ = {isa = PBXBuildFile; fileRef = 1D21719C207BFB360052D824 /* AppDelegate.swift */; };
		1D2171A2207BFB360052D824 /* Main.storyboard in Resources */ = {isa = PBXBuildFile; fileRef = 1D2171A0207BFB360052D824 /* Main.storyboard */; };
		1D2171A7207BFB370052D824 /* LaunchScreen.storyboard in Resources */ = {isa = PBXBuildFile; fileRef = 1D2171A5207BFB370052D824 /* LaunchScreen.storyboard */; };
		1DB5A129208E8638008ECF6D /* CalendarViewController.swift in Sources */ = {isa = PBXBuildFile; fileRef = 1DB5A128208E8638008ECF6D /* CalendarViewController.swift */; };
		1DB5A130208F3869008ECF6D /* MainTabController.swift in Sources */ = {isa = PBXBuildFile; fileRef = 1DB5A12C208F3869008ECF6D /* MainTabController.swift */; };
		1DB5A132208F3869008ECF6D /* ProfileViewController.swift in Sources */ = {isa = PBXBuildFile; fileRef = 1DB5A12E208F3869008ECF6D /* ProfileViewController.swift */; };
		1DB5A133208F3869008ECF6D /* UploadViewController.swift in Sources */ = {isa = PBXBuildFile; fileRef = 1DB5A12F208F3869008ECF6D /* UploadViewController.swift */; };
		2030A996E464B4D793FCA4DF /* Pods_Clamour.framework in Frameworks */ = {isa = PBXBuildFile; fileRef = BC61613AF4F055B22DE319FE /* Pods_Clamour.framework */; };
		2A3B6E25208DEDDD007DE08B /* Assets.xcassets in Resources */ = {isa = PBXBuildFile; fileRef = 2A3B6E24208DEDDD007DE08B /* Assets.xcassets */; };
		C3EFC67E208A64EA00A83BAC /* UIImageView+FaceAware.swift in Sources */ = {isa = PBXBuildFile; fileRef = C3EFC67D208A64EA00A83BAC /* UIImageView+FaceAware.swift */; };
		C3EFC68D208E725500A83BAC /* Result.swift in Sources */ = {isa = PBXBuildFile; fileRef = C3EFC68C208E725500A83BAC /* Result.swift */; };
		C3EFC6AC208F4D4B00A83BAC /* ProfileCell.swift in Sources */ = {isa = PBXBuildFile; fileRef = C3EFC6A8208F4D4B00A83BAC /* ProfileCell.swift */; };
		C3EFC6AD208F4D4B00A83BAC /* ColorMatchViewCell.swift in Sources */ = {isa = PBXBuildFile; fileRef = C3EFC6A9208F4D4B00A83BAC /* ColorMatchViewCell.swift */; };
		C3EFC6B2208F4EAD00A83BAC /* ExpandedViewCell.swift in Sources */ = {isa = PBXBuildFile; fileRef = C3EFC6B0208F4EAC00A83BAC /* ExpandedViewCell.swift */; };
		C3EFC6B3208F4EAD00A83BAC /* ExpandableViewCell.swift in Sources */ = {isa = PBXBuildFile; fileRef = C3EFC6B1208F4EAD00A83BAC /* ExpandableViewCell.swift */; };
		C3EFC6B5208F4F3900A83BAC /* ResultsViewController.swift in Sources */ = {isa = PBXBuildFile; fileRef = C3EFC6B4208F4F3900A83BAC /* ResultsViewController.swift */; };
		C3EFC6B7208F515000A83BAC /* CategoryCollectionViewCell.swift in Sources */ = {isa = PBXBuildFile; fileRef = C3EFC6B6208F515000A83BAC /* CategoryCollectionViewCell.swift */; };
/* End PBXBuildFile section */

/* Begin PBXFileReference section */
		1D217199207BFB360052D824 /* Clamour.app */ = {isa = PBXFileReference; explicitFileType = wrapper.application; includeInIndex = 0; path = Clamour.app; sourceTree = BUILT_PRODUCTS_DIR; };
		1D21719C207BFB360052D824 /* AppDelegate.swift */ = {isa = PBXFileReference; lastKnownFileType = sourcecode.swift; path = AppDelegate.swift; sourceTree = "<group>"; };
		1D2171A1207BFB360052D824 /* Base */ = {isa = PBXFileReference; lastKnownFileType = file.storyboard; name = Base; path = Base.lproj/Main.storyboard; sourceTree = "<group>"; };
		1D2171A6207BFB370052D824 /* Base */ = {isa = PBXFileReference; lastKnownFileType = file.storyboard; name = Base; path = Base.lproj/LaunchScreen.storyboard; sourceTree = "<group>"; };
		1D2171A8207BFB370052D824 /* Info.plist */ = {isa = PBXFileReference; lastKnownFileType = text.plist.xml; path = Info.plist; sourceTree = "<group>"; };
		1D348087208BB3FD0070CD17 /* QuartzCore.framework */ = {isa = PBXFileReference; lastKnownFileType = wrapper.framework; name = QuartzCore.framework; path = System/Library/Frameworks/QuartzCore.framework; sourceTree = SDKROOT; };
		1DB5A128208E8638008ECF6D /* CalendarViewController.swift */ = {isa = PBXFileReference; lastKnownFileType = sourcecode.swift; name = CalendarViewController.swift; path = ../CalendarViewController.swift; sourceTree = "<group>"; };
		1DB5A12C208F3869008ECF6D /* MainTabController.swift */ = {isa = PBXFileReference; fileEncoding = 4; lastKnownFileType = sourcecode.swift; path = MainTabController.swift; sourceTree = "<group>"; };
		1DB5A12E208F3869008ECF6D /* ProfileViewController.swift */ = {isa = PBXFileReference; fileEncoding = 4; lastKnownFileType = sourcecode.swift; path = ProfileViewController.swift; sourceTree = "<group>"; };
		1DB5A12F208F3869008ECF6D /* UploadViewController.swift */ = {isa = PBXFileReference; fileEncoding = 4; lastKnownFileType = sourcecode.swift; path = UploadViewController.swift; sourceTree = "<group>"; };
		2A3B6E24208DEDDD007DE08B /* Assets.xcassets */ = {isa = PBXFileReference; lastKnownFileType = folder.assetcatalog; path = Assets.xcassets; sourceTree = "<group>"; };
		A8958AB42C9C13F7E4BF18BC /* Pods-Clamour.release.xcconfig */ = {isa = PBXFileReference; includeInIndex = 1; lastKnownFileType = text.xcconfig; name = "Pods-Clamour.release.xcconfig"; path = "Pods/Target Support Files/Pods-Clamour/Pods-Clamour.release.xcconfig"; sourceTree = "<group>"; };
		B4D8024C592CC92D77278F24 /* Pods-Clamour.debug.xcconfig */ = {isa = PBXFileReference; includeInIndex = 1; lastKnownFileType = text.xcconfig; name = "Pods-Clamour.debug.xcconfig"; path = "Pods/Target Support Files/Pods-Clamour/Pods-Clamour.debug.xcconfig"; sourceTree = "<group>"; };
		BC61613AF4F055B22DE319FE /* Pods_Clamour.framework */ = {isa = PBXFileReference; explicitFileType = wrapper.framework; includeInIndex = 0; path = Pods_Clamour.framework; sourceTree = BUILT_PRODUCTS_DIR; };
		C3EFC67D208A64EA00A83BAC /* UIImageView+FaceAware.swift */ = {isa = PBXFileReference; fileEncoding = 4; lastKnownFileType = sourcecode.swift; path = "UIImageView+FaceAware.swift"; sourceTree = "<group>"; };
		C3EFC68C208E725500A83BAC /* Result.swift */ = {isa = PBXFileReference; lastKnownFileType = sourcecode.swift; path = Result.swift; sourceTree = "<group>"; };
		C3EFC6A8208F4D4B00A83BAC /* ProfileCell.swift */ = {isa = PBXFileReference; fileEncoding = 4; lastKnownFileType = sourcecode.swift; path = ProfileCell.swift; sourceTree = "<group>"; };
		C3EFC6A9208F4D4B00A83BAC /* ColorMatchViewCell.swift */ = {isa = PBXFileReference; fileEncoding = 4; lastKnownFileType = sourcecode.swift; path = ColorMatchViewCell.swift; sourceTree = "<group>"; };
		C3EFC6B0208F4EAC00A83BAC /* ExpandedViewCell.swift */ = {isa = PBXFileReference; fileEncoding = 4; lastKnownFileType = sourcecode.swift; path = ExpandedViewCell.swift; sourceTree = "<group>"; };
		C3EFC6B1208F4EAD00A83BAC /* ExpandableViewCell.swift */ = {isa = PBXFileReference; fileEncoding = 4; lastKnownFileType = sourcecode.swift; path = ExpandableViewCell.swift; sourceTree = "<group>"; };
		C3EFC6B4208F4F3900A83BAC /* ResultsViewController.swift */ = {isa = PBXFileReference; fileEncoding = 4; lastKnownFileType = sourcecode.swift; path = ResultsViewController.swift; sourceTree = "<group>"; };
		C3EFC6B6208F515000A83BAC /* CategoryCollectionViewCell.swift */ = {isa = PBXFileReference; lastKnownFileType = sourcecode.swift; path = CategoryCollectionViewCell.swift; sourceTree = "<group>"; };
/* End PBXFileReference section */

/* Begin PBXFrameworksBuildPhase section */
		1D217196207BFB360052D824 /* Frameworks */ = {
			isa = PBXFrameworksBuildPhase;
			buildActionMask = 2147483647;
			files = (
				2030A996E464B4D793FCA4DF /* Pods_Clamour.framework in Frameworks */,
			);
			runOnlyForDeploymentPostprocessing = 0;
		};
/* End PBXFrameworksBuildPhase section */

/* Begin PBXGroup section */
		092438B22206B2E65DB02CE3 /* Pods */ = {
			isa = PBXGroup;
			children = (
				B4D8024C592CC92D77278F24 /* Pods-Clamour.debug.xcconfig */,
				A8958AB42C9C13F7E4BF18BC /* Pods-Clamour.release.xcconfig */,
			);
			name = Pods;
			sourceTree = "<group>";
		};
		1D217190207BFB360052D824 = {
			isa = PBXGroup;
			children = (
				1D21719B207BFB360052D824 /* Clamour */,
				1D21719A207BFB360052D824 /* Products */,
				092438B22206B2E65DB02CE3 /* Pods */,
				B0F6FC1B461E946BE51412BE /* Frameworks */,
				C3EFC6A6208F4D0200A83BAC /* Recovered References */,
			);
			sourceTree = "<group>";
		};
		1D21719A207BFB360052D824 /* Products */ = {
			isa = PBXGroup;
			children = (
				1D217199207BFB360052D824 /* Clamour.app */,
			);
			name = Products;
			sourceTree = "<group>";
		};
		1D21719B207BFB360052D824 /* Clamour */ = {
			isa = PBXGroup;
			children = (
				C3EFC690208E745A00A83BAC /* Controllers */,
				C3EFC68F208E744D00A83BAC /* Views */,
				C3EFC68E208E743200A83BAC /* Models */,
				1D21719C207BFB360052D824 /* AppDelegate.swift */,
				1D2171A8207BFB370052D824 /* Info.plist */,
			);
			path = Clamour;
			sourceTree = "<group>";
		};
		B0F6FC1B461E946BE51412BE /* Frameworks */ = {
			isa = PBXGroup;
			children = (
				1D348087208BB3FD0070CD17 /* QuartzCore.framework */,
				BC61613AF4F055B22DE319FE /* Pods_Clamour.framework */,
			);
			name = Frameworks;
			sourceTree = "<group>";
		};
		C3EFC68E208E743200A83BAC /* Models */ = {
			isa = PBXGroup;
			children = (
				C3EFC68C208E725500A83BAC /* Result.swift */,
			);
			path = Models;
			sourceTree = "<group>";
		};
		C3EFC68F208E744D00A83BAC /* Views */ = {
			isa = PBXGroup;
			children = (
				1D2171A0207BFB360052D824 /* Main.storyboard */,
				1D2171A5207BFB370052D824 /* LaunchScreen.storyboard */,
				C3EFC6A7208F4D4B00A83BAC /* Cells */,
				2A3B6E24208DEDDD007DE08B /* Assets.xcassets */,
			);
			path = Views;
			sourceTree = "<group>";
		};
		C3EFC690208E745A00A83BAC /* Controllers */ = {
			isa = PBXGroup;
			children = (
				1DB5A12C208F3869008ECF6D /* MainTabController.swift */,
				1DB5A12E208F3869008ECF6D /* ProfileViewController.swift */,
				C3EFC6B4208F4F3900A83BAC /* ResultsViewController.swift */,
				1DB5A12F208F3869008ECF6D /* UploadViewController.swift */,
				C3EFC67D208A64EA00A83BAC /* UIImageView+FaceAware.swift */,
				1DB5A128208E8638008ECF6D /* CalendarViewController.swift */,
			);
			path = Controllers;
			sourceTree = "<group>";
		};
		C3EFC6A6208F4D0200A83BAC /* Recovered References */ = {
			isa = PBXGroup;
			children = (
			);
			name = "Recovered References";
			sourceTree = "<group>";
		};
		C3EFC6A7208F4D4B00A83BAC /* Cells */ = {
			isa = PBXGroup;
			children = (
				C3EFC6A8208F4D4B00A83BAC /* ProfileCell.swift */,
				C3EFC6B1208F4EAD00A83BAC /* ExpandableViewCell.swift */,
				C3EFC6B0208F4EAC00A83BAC /* ExpandedViewCell.swift */,
				C3EFC6A9208F4D4B00A83BAC /* ColorMatchViewCell.swift */,
				C3EFC6B6208F515000A83BAC /* CategoryCollectionViewCell.swift */,
			);
			name = Cells;
			path = Clamour/Views/Cells;
			sourceTree = SOURCE_ROOT;
		};
/* End PBXGroup section */

/* Begin PBXNativeTarget section */
		1D217198207BFB360052D824 /* Clamour */ = {
			isa = PBXNativeTarget;
			buildConfigurationList = 1D2171AB207BFB370052D824 /* Build configuration list for PBXNativeTarget "Clamour" */;
			buildPhases = (
				ABFA56DB43E4EFC6B1143EA2 /* [CP] Check Pods Manifest.lock */,
				1D217195207BFB360052D824 /* Sources */,
				1D217196207BFB360052D824 /* Frameworks */,
				1D217197207BFB360052D824 /* Resources */,
				542C7F7F7725CC0733A2150A /* [CP] Embed Pods Frameworks */,
			);
			buildRules = (
			);
			dependencies = (
			);
			name = Clamour;
			productName = Clamour;
			productReference = 1D217199207BFB360052D824 /* Clamour.app */;
			productType = "com.apple.product-type.application";
		};
/* End PBXNativeTarget section */

/* Begin PBXProject section */
		1D217191207BFB360052D824 /* Project object */ = {
			isa = PBXProject;
			attributes = {
				LastSwiftUpdateCheck = 0930;
				LastUpgradeCheck = 0930;
				ORGANIZATIONNAME = Udacity;
				TargetAttributes = {
					1D217198207BFB360052D824 = {
						CreatedOnToolsVersion = 9.3;
						LastSwiftMigration = 0930;
					};
				};
			};
			buildConfigurationList = 1D217194207BFB360052D824 /* Build configuration list for PBXProject "Clamour" */;
			compatibilityVersion = "Xcode 9.3";
			developmentRegion = en;
			hasScannedForEncodings = 0;
			knownRegions = (
				en,
				Base,
			);
			mainGroup = 1D217190207BFB360052D824;
			productRefGroup = 1D21719A207BFB360052D824 /* Products */;
			projectDirPath = "";
			projectRoot = "";
			targets = (
				1D217198207BFB360052D824 /* Clamour */,
			);
		};
/* End PBXProject section */

/* Begin PBXResourcesBuildPhase section */
		1D217197207BFB360052D824 /* Resources */ = {
			isa = PBXResourcesBuildPhase;
			buildActionMask = 2147483647;
			files = (
				1D2171A7207BFB370052D824 /* LaunchScreen.storyboard in Resources */,
				2A3B6E25208DEDDD007DE08B /* Assets.xcassets in Resources */,
				1D2171A2207BFB360052D824 /* Main.storyboard in Resources */,
			);
			runOnlyForDeploymentPostprocessing = 0;
		};
/* End PBXResourcesBuildPhase section */

/* Begin PBXShellScriptBuildPhase section */
		542C7F7F7725CC0733A2150A /* [CP] Embed Pods Frameworks */ = {
			isa = PBXShellScriptBuildPhase;
			buildActionMask = 2147483647;
			files = (
			);
			inputPaths = (
				"${SRCROOT}/Pods/Target Support Files/Pods-Clamour/Pods-Clamour-frameworks.sh",
				"${BUILT_PRODUCTS_DIR}/ComplimentaryGradientView/ComplimentaryGradientView.framework",
				"${BUILT_PRODUCTS_DIR}/DZNEmptyDataSet/DZNEmptyDataSet.framework",
				"${BUILT_PRODUCTS_DIR}/ExpandableCell/ExpandableCell.framework",
				"${BUILT_PRODUCTS_DIR}/FSCalendar/FSCalendar.framework",
				"${BUILT_PRODUCTS_DIR}/Realm/Realm.framework",
				"${BUILT_PRODUCTS_DIR}/SwiftyJSON/SwiftyJSON.framework",
				"${BUILT_PRODUCTS_DIR}/iCarousel/iCarousel.framework",
			);
			name = "[CP] Embed Pods Frameworks";
			outputPaths = (
				"${TARGET_BUILD_DIR}/${FRAMEWORKS_FOLDER_PATH}/ComplimentaryGradientView.framework",
				"${TARGET_BUILD_DIR}/${FRAMEWORKS_FOLDER_PATH}/DZNEmptyDataSet.framework",
				"${TARGET_BUILD_DIR}/${FRAMEWORKS_FOLDER_PATH}/ExpandableCell.framework",
				"${TARGET_BUILD_DIR}/${FRAMEWORKS_FOLDER_PATH}/FSCalendar.framework",
				"${TARGET_BUILD_DIR}/${FRAMEWORKS_FOLDER_PATH}/Realm.framework",
				"${TARGET_BUILD_DIR}/${FRAMEWORKS_FOLDER_PATH}/SwiftyJSON.framework",
				"${TARGET_BUILD_DIR}/${FRAMEWORKS_FOLDER_PATH}/iCarousel.framework",
			);
			runOnlyForDeploymentPostprocessing = 0;
			shellPath = /bin/sh;
			shellScript = "\"${SRCROOT}/Pods/Target Support Files/Pods-Clamour/Pods-Clamour-frameworks.sh\"\n";
			showEnvVarsInLog = 0;
		};
		ABFA56DB43E4EFC6B1143EA2 /* [CP] Check Pods Manifest.lock */ = {
			isa = PBXShellScriptBuildPhase;
			buildActionMask = 2147483647;
			files = (
			);
			inputPaths = (
				"${PODS_PODFILE_DIR_PATH}/Podfile.lock",
				"${PODS_ROOT}/Manifest.lock",
			);
			name = "[CP] Check Pods Manifest.lock";
			outputPaths = (
				"$(DERIVED_FILE_DIR)/Pods-Clamour-checkManifestLockResult.txt",
			);
			runOnlyForDeploymentPostprocessing = 0;
			shellPath = /bin/sh;
			shellScript = "diff \"${PODS_PODFILE_DIR_PATH}/Podfile.lock\" \"${PODS_ROOT}/Manifest.lock\" > /dev/null\nif [ $? != 0 ] ; then\n    # print error to STDERR\n    echo \"error: The sandbox is not in sync with the Podfile.lock. Run 'pod install' or update your CocoaPods installation.\" >&2\n    exit 1\nfi\n# This output is used by Xcode 'outputs' to avoid re-running this script phase.\necho \"SUCCESS\" > \"${SCRIPT_OUTPUT_FILE_0}\"\n";
			showEnvVarsInLog = 0;
		};
/* End PBXShellScriptBuildPhase section */

/* Begin PBXSourcesBuildPhase section */
		1D217195207BFB360052D824 /* Sources */ = {
			isa = PBXSourcesBuildPhase;
			buildActionMask = 2147483647;
			files = (
				1DB5A129208E8638008ECF6D /* CalendarViewController.swift in Sources */,
				1DB5A133208F3869008ECF6D /* UploadViewController.swift in Sources */,
				C3EFC6B3208F4EAD00A83BAC /* ExpandableViewCell.swift in Sources */,
				C3EFC67E208A64EA00A83BAC /* UIImageView+FaceAware.swift in Sources */,
				C3EFC6AD208F4D4B00A83BAC /* ColorMatchViewCell.swift in Sources */,
				1DB5A132208F3869008ECF6D /* ProfileViewController.swift in Sources */,
				C3EFC6B7208F515000A83BAC /* CategoryCollectionViewCell.swift in Sources */,
				1DB5A130208F3869008ECF6D /* MainTabController.swift in Sources */,
				1D21719D207BFB360052D824 /* AppDelegate.swift in Sources */,
				C3EFC6B2208F4EAD00A83BAC /* ExpandedViewCell.swift in Sources */,
				C3EFC68D208E725500A83BAC /* Result.swift in Sources */,
				C3EFC6AC208F4D4B00A83BAC /* ProfileCell.swift in Sources */,
				C3EFC6B5208F4F3900A83BAC /* ResultsViewController.swift in Sources */,
			);
			runOnlyForDeploymentPostprocessing = 0;
		};
/* End PBXSourcesBuildPhase section */

/* Begin PBXVariantGroup section */
		1D2171A0207BFB360052D824 /* Main.storyboard */ = {
			isa = PBXVariantGroup;
			children = (
				1D2171A1207BFB360052D824 /* Base */,
			);
			name = Main.storyboard;
			sourceTree = "<group>";
		};
		1D2171A5207BFB370052D824 /* LaunchScreen.storyboard */ = {
			isa = PBXVariantGroup;
			children = (
				1D2171A6207BFB370052D824 /* Base */,
			);
			name = LaunchScreen.storyboard;
			sourceTree = "<group>";
		};
/* End PBXVariantGroup section */

/* Begin XCBuildConfiguration section */
		1D2171A9207BFB370052D824 /* Debug */ = {
			isa = XCBuildConfiguration;
			buildSettings = {
				ALWAYS_SEARCH_USER_PATHS = NO;
				CLANG_ANALYZER_NONNULL = YES;
				CLANG_ANALYZER_NUMBER_OBJECT_CONVERSION = YES_AGGRESSIVE;
				CLANG_CXX_LANGUAGE_STANDARD = "gnu++14";
				CLANG_CXX_LIBRARY = "libc++";
				CLANG_ENABLE_MODULES = YES;
				CLANG_ENABLE_OBJC_ARC = YES;
				CLANG_ENABLE_OBJC_WEAK = YES;
				CLANG_WARN_BLOCK_CAPTURE_AUTORELEASING = YES;
				CLANG_WARN_BOOL_CONVERSION = YES;
				CLANG_WARN_COMMA = YES;
				CLANG_WARN_CONSTANT_CONVERSION = YES;
				CLANG_WARN_DEPRECATED_OBJC_IMPLEMENTATIONS = YES;
				CLANG_WARN_DIRECT_OBJC_ISA_USAGE = YES_ERROR;
				CLANG_WARN_DOCUMENTATION_COMMENTS = YES;
				CLANG_WARN_EMPTY_BODY = YES;
				CLANG_WARN_ENUM_CONVERSION = YES;
				CLANG_WARN_INFINITE_RECURSION = YES;
				CLANG_WARN_INT_CONVERSION = YES;
				CLANG_WARN_NON_LITERAL_NULL_CONVERSION = YES;
				CLANG_WARN_OBJC_IMPLICIT_RETAIN_SELF = YES;
				CLANG_WARN_OBJC_LITERAL_CONVERSION = YES;
				CLANG_WARN_OBJC_ROOT_CLASS = YES_ERROR;
				CLANG_WARN_RANGE_LOOP_ANALYSIS = YES;
				CLANG_WARN_STRICT_PROTOTYPES = YES;
				CLANG_WARN_SUSPICIOUS_MOVE = YES;
				CLANG_WARN_UNGUARDED_AVAILABILITY = YES_AGGRESSIVE;
				CLANG_WARN_UNREACHABLE_CODE = YES;
				CLANG_WARN__DUPLICATE_METHOD_MATCH = YES;
				CODE_SIGN_IDENTITY = "iPhone Developer";
				COPY_PHASE_STRIP = NO;
				DEBUG_INFORMATION_FORMAT = dwarf;
				ENABLE_STRICT_OBJC_MSGSEND = YES;
				ENABLE_TESTABILITY = YES;
				GCC_C_LANGUAGE_STANDARD = gnu11;
				GCC_DYNAMIC_NO_PIC = NO;
				GCC_NO_COMMON_BLOCKS = YES;
				GCC_OPTIMIZATION_LEVEL = 0;
				GCC_PREPROCESSOR_DEFINITIONS = (
					"DEBUG=1",
					"$(inherited)",
				);
				GCC_WARN_64_TO_32_BIT_CONVERSION = YES;
				GCC_WARN_ABOUT_RETURN_TYPE = YES_ERROR;
				GCC_WARN_UNDECLARED_SELECTOR = YES;
				GCC_WARN_UNINITIALIZED_AUTOS = YES_AGGRESSIVE;
				GCC_WARN_UNUSED_FUNCTION = YES;
				GCC_WARN_UNUSED_VARIABLE = YES;
				IPHONEOS_DEPLOYMENT_TARGET = 11.3;
				MTL_ENABLE_DEBUG_INFO = YES;
				ONLY_ACTIVE_ARCH = YES;
				SDKROOT = iphoneos;
				SWIFT_ACTIVE_COMPILATION_CONDITIONS = DEBUG;
				SWIFT_OPTIMIZATION_LEVEL = "-Onone";
			};
			name = Debug;
		};
		1D2171AA207BFB370052D824 /* Release */ = {
			isa = XCBuildConfiguration;
			buildSettings = {
				ALWAYS_SEARCH_USER_PATHS = NO;
				CLANG_ANALYZER_NONNULL = YES;
				CLANG_ANALYZER_NUMBER_OBJECT_CONVERSION = YES_AGGRESSIVE;
				CLANG_CXX_LANGUAGE_STANDARD = "gnu++14";
				CLANG_CXX_LIBRARY = "libc++";
				CLANG_ENABLE_MODULES = YES;
				CLANG_ENABLE_OBJC_ARC = YES;
				CLANG_ENABLE_OBJC_WEAK = YES;
				CLANG_WARN_BLOCK_CAPTURE_AUTORELEASING = YES;
				CLANG_WARN_BOOL_CONVERSION = YES;
				CLANG_WARN_COMMA = YES;
				CLANG_WARN_CONSTANT_CONVERSION = YES;
				CLANG_WARN_DEPRECATED_OBJC_IMPLEMENTATIONS = YES;
				CLANG_WARN_DIRECT_OBJC_ISA_USAGE = YES_ERROR;
				CLANG_WARN_DOCUMENTATION_COMMENTS = YES;
				CLANG_WARN_EMPTY_BODY = YES;
				CLANG_WARN_ENUM_CONVERSION = YES;
				CLANG_WARN_INFINITE_RECURSION = YES;
				CLANG_WARN_INT_CONVERSION = YES;
				CLANG_WARN_NON_LITERAL_NULL_CONVERSION = YES;
				CLANG_WARN_OBJC_IMPLICIT_RETAIN_SELF = YES;
				CLANG_WARN_OBJC_LITERAL_CONVERSION = YES;
				CLANG_WARN_OBJC_ROOT_CLASS = YES_ERROR;
				CLANG_WARN_RANGE_LOOP_ANALYSIS = YES;
				CLANG_WARN_STRICT_PROTOTYPES = YES;
				CLANG_WARN_SUSPICIOUS_MOVE = YES;
				CLANG_WARN_UNGUARDED_AVAILABILITY = YES_AGGRESSIVE;
				CLANG_WARN_UNREACHABLE_CODE = YES;
				CLANG_WARN__DUPLICATE_METHOD_MATCH = YES;
				CODE_SIGN_IDENTITY = "iPhone Developer";
				COPY_PHASE_STRIP = NO;
				DEBUG_INFORMATION_FORMAT = "dwarf-with-dsym";
				ENABLE_NS_ASSERTIONS = NO;
				ENABLE_STRICT_OBJC_MSGSEND = YES;
				GCC_C_LANGUAGE_STANDARD = gnu11;
				GCC_NO_COMMON_BLOCKS = YES;
				GCC_WARN_64_TO_32_BIT_CONVERSION = YES;
				GCC_WARN_ABOUT_RETURN_TYPE = YES_ERROR;
				GCC_WARN_UNDECLARED_SELECTOR = YES;
				GCC_WARN_UNINITIALIZED_AUTOS = YES_AGGRESSIVE;
				GCC_WARN_UNUSED_FUNCTION = YES;
				GCC_WARN_UNUSED_VARIABLE = YES;
				IPHONEOS_DEPLOYMENT_TARGET = 11.3;
				MTL_ENABLE_DEBUG_INFO = NO;
				SDKROOT = iphoneos;
				SWIFT_COMPILATION_MODE = wholemodule;
				SWIFT_OPTIMIZATION_LEVEL = "-O";
				VALIDATE_PRODUCT = YES;
			};
			name = Release;
		};
		1D2171AC207BFB370052D824 /* Debug */ = {
			isa = XCBuildConfiguration;
			baseConfigurationReference = B4D8024C592CC92D77278F24 /* Pods-Clamour.debug.xcconfig */;
			buildSettings = {
				ASSETCATALOG_COMPILER_APPICON_NAME = AppIcon;
				CLANG_ENABLE_MODULES = YES;
				CODE_SIGN_STYLE = Automatic;
				DEVELOPMENT_TEAM = TWU73834Z3;
				INFOPLIST_FILE = Clamour/Info.plist;

				LD_RUNPATH_SEARCH_PATHS = "$(inherited) @executable_path/Frameworks";
				PRODUCT_BUNDLE_IDENTIFIER = SN.Clamour;
				PRODUCT_NAME = "$(TARGET_NAME)";
				SWIFT_OBJC_BRIDGING_HEADER = "";
				SWIFT_OPTIMIZATION_LEVEL = "-Onone";
				SWIFT_VERSION = 4.0;
				TARGETED_DEVICE_FAMILY = "1,2";
			};
			name = Debug;
		};
		1D2171AD207BFB370052D824 /* Release */ = {
			isa = XCBuildConfiguration;
			baseConfigurationReference = A8958AB42C9C13F7E4BF18BC /* Pods-Clamour.release.xcconfig */;
			buildSettings = {
				ASSETCATALOG_COMPILER_APPICON_NAME = AppIcon;
				CLANG_ENABLE_MODULES = YES;
				CODE_SIGN_STYLE = Automatic;
				DEVELOPMENT_TEAM = TWU73834Z3;
				INFOPLIST_FILE = Clamour/Info.plist;

				LD_RUNPATH_SEARCH_PATHS = "$(inherited) @executable_path/Frameworks";
				PRODUCT_BUNDLE_IDENTIFIER = SN.Clamour;

				PRODUCT_NAME = "$(TARGET_NAME)";
				SWIFT_OBJC_BRIDGING_HEADER = "";
				SWIFT_VERSION = 4.0;
				TARGETED_DEVICE_FAMILY = "1,2";
			};
			name = Release;
		};
/* End XCBuildConfiguration section */

/* Begin XCConfigurationList section */
		1D217194207BFB360052D824 /* Build configuration list for PBXProject "Clamour" */ = {
			isa = XCConfigurationList;
			buildConfigurations = (
				1D2171A9207BFB370052D824 /* Debug */,
				1D2171AA207BFB370052D824 /* Release */,
			);
			defaultConfigurationIsVisible = 0;
			defaultConfigurationName = Release;
		};
		1D2171AB207BFB370052D824 /* Build configuration list for PBXNativeTarget "Clamour" */ = {
			isa = XCConfigurationList;
			buildConfigurations = (
				1D2171AC207BFB370052D824 /* Debug */,
				1D2171AD207BFB370052D824 /* Release */,
			);
			defaultConfigurationIsVisible = 0;
			defaultConfigurationName = Release;
		};
/* End XCConfigurationList section */
	};
	rootObject = 1D217191207BFB360052D824 /* Project object */;
}
