// !$*UTF8*$!
{
	archiveVersion = 1;
	classes = {
	};
	objectVersion = 50;
	objects = {

/* Begin PBXBuildFile section */
		1D21719D207BFB360052D824 /* AppDelegate.swift in Sources */ = {isa = PBXBuildFile; fileRef = 1D21719C207BFB360052D824 /* AppDelegate.swift */; };
		1D21719F207BFB360052D824 /* ViewController.swift in Sources */ = {isa = PBXBuildFile; fileRef = 1D21719E207BFB360052D824 /* ViewController.swift */; };
		1D2171A2207BFB360052D824 /* Main.storyboard in Resources */ = {isa = PBXBuildFile; fileRef = 1D2171A0207BFB360052D824 /* Main.storyboard */; };
		1D2171A4207BFB370052D824 /* Assets.xcassets in Resources */ = {isa = PBXBuildFile; fileRef = 1D2171A3207BFB370052D824 /* Assets.xcassets */; };
		1D2171A7207BFB370052D824 /* LaunchScreen.storyboard in Resources */ = {isa = PBXBuildFile; fileRef = 1D2171A5207BFB370052D824 /* LaunchScreen.storyboard */; };
		1D2171AF207C01F30052D824 /* MainTabController.swift in Sources */ = {isa = PBXBuildFile; fileRef = 1D2171AE207C01F30052D824 /* MainTabController.swift */; };
		1D2171B1207C043D0052D824 /* UploadViewController.swift in Sources */ = {isa = PBXBuildFile; fileRef = 1D2171B0207C043D0052D824 /* UploadViewController.swift */; };
		1D4C224A207D04480089A4C7 /* ProfileViewController.swift in Sources */ = {isa = PBXBuildFile; fileRef = 1D4C2249207D04480089A4C7 /* ProfileViewController.swift */; };
/* End PBXBuildFile section */

/* Begin PBXFileReference section */
		1D217199207BFB360052D824 /* Clamour.app */ = {isa = PBXFileReference; explicitFileType = wrapper.application; includeInIndex = 0; path = Clamour.app; sourceTree = BUILT_PRODUCTS_DIR; };
		1D21719C207BFB360052D824 /* AppDelegate.swift */ = {isa = PBXFileReference; lastKnownFileType = sourcecode.swift; path = AppDelegate.swift; sourceTree = "<group>"; };
		1D21719E207BFB360052D824 /* ViewController.swift */ = {isa = PBXFileReference; lastKnownFileType = sourcecode.swift; path = ViewController.swift; sourceTree = "<group>"; };
		1D2171A1207BFB360052D824 /* Base */ = {isa = PBXFileReference; lastKnownFileType = file.storyboard; name = Base; path = Base.lproj/Main.storyboard; sourceTree = "<group>"; };
		1D2171A3207BFB370052D824 /* Assets.xcassets */ = {isa = PBXFileReference; lastKnownFileType = folder.assetcatalog; path = Assets.xcassets; sourceTree = "<group>"; };
		1D2171A6207BFB370052D824 /* Base */ = {isa = PBXFileReference; lastKnownFileType = file.storyboard; name = Base; path = Base.lproj/LaunchScreen.storyboard; sourceTree = "<group>"; };
		1D2171A8207BFB370052D824 /* Info.plist */ = {isa = PBXFileReference; lastKnownFileType = text.plist.xml; path = Info.plist; sourceTree = "<group>"; };
		1D2171AE207C01F30052D824 /* MainTabController.swift */ = {isa = PBXFileReference; lastKnownFileType = sourcecode.swift; path = MainTabController.swift; sourceTree = "<group>"; };
		1D2171B0207C043D0052D824 /* UploadViewController.swift */ = {isa = PBXFileReference; lastKnownFileType = sourcecode.swift; path = UploadViewController.swift; sourceTree = "<group>"; };
		1D4C2249207D04480089A4C7 /* ProfileViewController.swift */ = {isa = PBXFileReference; lastKnownFileType = sourcecode.swift; path = ProfileViewController.swift; sourceTree = "<group>"; };
/* End PBXFileReference section */

/* Begin PBXFrameworksBuildPhase section */
		1D217196207BFB360052D824 /* Frameworks */ = {
			isa = PBXFrameworksBuildPhase;
			buildActionMask = 2147483647;
			files = (
			);
			runOnlyForDeploymentPostprocessing = 0;
		};
/* End PBXFrameworksBuildPhase section */

/* Begin PBXGroup section */
		1D217190207BFB360052D824 = {
			isa = PBXGroup;
			children = (
				1D21719B207BFB360052D824 /* Clamour */,
				1D21719A207BFB360052D824 /* Products */,
			);
			sourceTree = "<group>";
		};
		1D21719A207BFB360052D824 /* Products */ = {
			isa = PBXGroup;
			children = (
				1D217199207BFB360052D824 /* Clamour.app */,
			);
			name = Products;
			sourceTree = "<group>";
		};
		1D21719B207BFB360052D824 /* Clamour */ = {
			isa = PBXGroup;
			children = (
				1D21719C207BFB360052D824 /* AppDelegate.swift */,
				1D21719E207BFB360052D824 /* ViewController.swift */,
				1D2171A0207BFB360052D824 /* Main.storyboard */,
				1D2171A3207BFB370052D824 /* Assets.xcassets */,
				1D2171A5207BFB370052D824 /* LaunchScreen.storyboard */,
				1D2171A8207BFB370052D824 /* Info.plist */,
				1D2171AE207C01F30052D824 /* MainTabController.swift */,
				1D2171B0207C043D0052D824 /* UploadViewController.swift */,
				1D4C2249207D04480089A4C7 /* ProfileViewController.swift */,
			);
			path = Clamour;
			sourceTree = "<group>";
		};
/* End PBXGroup section */

/* Begin PBXNativeTarget section */
		1D217198207BFB360052D824 /* Clamour */ = {
			isa = PBXNativeTarget;
			buildConfigurationList = 1D2171AB207BFB370052D824 /* Build configuration list for PBXNativeTarget "Clamour" */;
			buildPhases = (
				1D217195207BFB360052D824 /* Sources */,
				1D217196207BFB360052D824 /* Frameworks */,
				1D217197207BFB360052D824 /* Resources */,
			);
			buildRules = (
			);
			dependencies = (
			);
			name = Clamour;
			productName = Clamour;
			productReference = 1D217199207BFB360052D824 /* Clamour.app */;
			productType = "com.apple.product-type.application";
		};
/* End PBXNativeTarget section */

/* Begin PBXProject section */
		1D217191207BFB360052D824 /* Project object */ = {
			isa = PBXProject;
			attributes = {
				LastSwiftUpdateCheck = 0930;
				LastUpgradeCheck = 0930;
				ORGANIZATIONNAME = Udacity;
				TargetAttributes = {
					1D217198207BFB360052D824 = {
						CreatedOnToolsVersion = 9.3;
					};
				};
			};
			buildConfigurationList = 1D217194207BFB360052D824 /* Build configuration list for PBXProject "Clamour" */;
			compatibilityVersion = "Xcode 9.3";
			developmentRegion = en;
			hasScannedForEncodings = 0;
			knownRegions = (
				en,
				Base,
			);
			mainGroup = 1D217190207BFB360052D824;
			productRefGroup = 1D21719A207BFB360052D824 /* Products */;
			projectDirPath = "";
			projectRoot = "";
			targets = (
				1D217198207BFB360052D824 /* Clamour */,
			);
		};
/* End PBXProject section */

/* Begin PBXResourcesBuildPhase section */
		1D217197207BFB360052D824 /* Resources */ = {
			isa = PBXResourcesBuildPhase;
			buildActionMask = 2147483647;
			files = (
				1D2171A7207BFB370052D824 /* LaunchScreen.storyboard in Resources */,
				1D2171A4207BFB370052D824 /* Assets.xcassets in Resources */,
				1D2171A2207BFB360052D824 /* Main.storyboard in Resources */,
			);
			runOnlyForDeploymentPostprocessing = 0;
		};
/* End PBXResourcesBuildPhase section */

/* Begin PBXSourcesBuildPhase section */
		1D217195207BFB360052D824 /* Sources */ = {
			isa = PBXSourcesBuildPhase;
			buildActionMask = 2147483647;
			files = (
				1D21719F207BFB360052D824 /* ViewController.swift in Sources */,
				1D2171B1207C043D0052D824 /* UploadViewController.swift in Sources */,
				1D4C224A207D04480089A4C7 /* ProfileViewController.swift in Sources */,
				1D21719D207BFB360052D824 /* AppDelegate.swift in Sources */,
				1D2171AF207C01F30052D824 /* MainTabController.swift in Sources */,
			);
			runOnlyForDeploymentPostprocessing = 0;
		};
/* End PBXSourcesBuildPhase section */

/* Begin PBXVariantGroup section */
		1D2171A0207BFB360052D824 /* Main.storyboard */ = {
			isa = PBXVariantGroup;
			children = (
				1D2171A1207BFB360052D824 /* Base */,
			);
			name = Main.storyboard;
			sourceTree = "<group>";
		};
		1D2171A5207BFB370052D824 /* LaunchScreen.storyboard */ = {
			isa = PBXVariantGroup;
			children = (
				1D2171A6207BFB370052D824 /* Base */,
			);
			name = LaunchScreen.storyboard;
			sourceTree = "<group>";
		};
/* End PBXVariantGroup section */

/* Begin XCBuildConfiguration section */
		1D2171A9207BFB370052D824 /* Debug */ = {
			isa = XCBuildConfiguration;
			buildSettings = {
				ALWAYS_SEARCH_USER_PATHS = NO;
				CLANG_ANALYZER_NONNULL = YES;
				CLANG_ANALYZER_NUMBER_OBJECT_CONVERSION = YES_AGGRESSIVE;
				CLANG_CXX_LANGUAGE_STANDARD = "gnu++14";
				CLANG_CXX_LIBRARY = "libc++";
				CLANG_ENABLE_MODULES = YES;
				CLANG_ENABLE_OBJC_ARC = YES;
				CLANG_ENABLE_OBJC_WEAK = YES;
				CLANG_WARN_BLOCK_CAPTURE_AUTORELEASING = YES;
				CLANG_WARN_BOOL_CONVERSION = YES;
				CLANG_WARN_COMMA = YES;
				CLANG_WARN_CONSTANT_CONVERSION = YES;
				CLANG_WARN_DEPRECATED_OBJC_IMPLEMENTATIONS = YES;
				CLANG_WARN_DIRECT_OBJC_ISA_USAGE = YES_ERROR;
				CLANG_WARN_DOCUMENTATION_COMMENTS = YES;
				CLANG_WARN_EMPTY_BODY = YES;
				CLANG_WARN_ENUM_CONVERSION = YES;
				CLANG_WARN_INFINITE_RECURSION = YES;
				CLANG_WARN_INT_CONVERSION = YES;
				CLANG_WARN_NON_LITERAL_NULL_CONVERSION = YES;
				CLANG_WARN_OBJC_IMPLICIT_RETAIN_SELF = YES;
				CLANG_WARN_OBJC_LITERAL_CONVERSION = YES;
				CLANG_WARN_OBJC_ROOT_CLASS = YES_ERROR;
				CLANG_WARN_RANGE_LOOP_ANALYSIS = YES;
				CLANG_WARN_STRICT_PROTOTYPES = YES;
				CLANG_WARN_SUSPICIOUS_MOVE = YES;
				CLANG_WARN_UNGUARDED_AVAILABILITY = YES_AGGRESSIVE;
				CLANG_WARN_UNREACHABLE_CODE = YES;
				CLANG_WARN__DUPLICATE_METHOD_MATCH = YES;
				CODE_SIGN_IDENTITY = "iPhone Developer";
				COPY_PHASE_STRIP = NO;
				DEBUG_INFORMATION_FORMAT = dwarf;
				ENABLE_STRICT_OBJC_MSGSEND = YES;
				ENABLE_TESTABILITY = YES;
				GCC_C_LANGUAGE_STANDARD = gnu11;
				GCC_DYNAMIC_NO_PIC = NO;
				GCC_NO_COMMON_BLOCKS = YES;
				GCC_OPTIMIZATION_LEVEL = 0;
				GCC_PREPROCESSOR_DEFINITIONS = (
					"DEBUG=1",
					"$(inherited)",
				);
				GCC_WARN_64_TO_32_BIT_CONVERSION = YES;
				GCC_WARN_ABOUT_RETURN_TYPE = YES_ERROR;
				GCC_WARN_UNDECLARED_SELECTOR = YES;
				GCC_WARN_UNINITIALIZED_AUTOS = YES_AGGRESSIVE;
				GCC_WARN_UNUSED_FUNCTION = YES;
				GCC_WARN_UNUSED_VARIABLE = YES;
				IPHONEOS_DEPLOYMENT_TARGET = 11.3;
				MTL_ENABLE_DEBUG_INFO = YES;
				ONLY_ACTIVE_ARCH = YES;
				SDKROOT = iphoneos;
				SWIFT_ACTIVE_COMPILATION_CONDITIONS = DEBUG;
				SWIFT_OPTIMIZATION_LEVEL = "-Onone";
			};
			name = Debug;
		};
		1D2171AA207BFB370052D824 /* Release */ = {
			isa = XCBuildConfiguration;
			buildSettings = {
				ALWAYS_SEARCH_USER_PATHS = NO;
				CLANG_ANALYZER_NONNULL = YES;
				CLANG_ANALYZER_NUMBER_OBJECT_CONVERSION = YES_AGGRESSIVE;
				CLANG_CXX_LANGUAGE_STANDARD = "gnu++14";
				CLANG_CXX_LIBRARY = "libc++";
				CLANG_ENABLE_MODULES = YES;
				CLANG_ENABLE_OBJC_ARC = YES;
				CLANG_ENABLE_OBJC_WEAK = YES;
				CLANG_WARN_BLOCK_CAPTURE_AUTORELEASING = YES;
				CLANG_WARN_BOOL_CONVERSION = YES;
				CLANG_WARN_COMMA = YES;
				CLANG_WARN_CONSTANT_CONVERSION = YES;
				CLANG_WARN_DEPRECATED_OBJC_IMPLEMENTATIONS = YES;
				CLANG_WARN_DIRECT_OBJC_ISA_USAGE = YES_ERROR;
				CLANG_WARN_DOCUMENTATION_COMMENTS = YES;
				CLANG_WARN_EMPTY_BODY = YES;
				CLANG_WARN_ENUM_CONVERSION = YES;
				CLANG_WARN_INFINITE_RECURSION = YES;
				CLANG_WARN_INT_CONVERSION = YES;
				CLANG_WARN_NON_LITERAL_NULL_CONVERSION = YES;
				CLANG_WARN_OBJC_IMPLICIT_RETAIN_SELF = YES;
				CLANG_WARN_OBJC_LITERAL_CONVERSION = YES;
				CLANG_WARN_OBJC_ROOT_CLASS = YES_ERROR;
				CLANG_WARN_RANGE_LOOP_ANALYSIS = YES;
				CLANG_WARN_STRICT_PROTOTYPES = YES;
				CLANG_WARN_SUSPICIOUS_MOVE = YES;
				CLANG_WARN_UNGUARDED_AVAILABILITY = YES_AGGRESSIVE;
				CLANG_WARN_UNREACHABLE_CODE = YES;
				CLANG_WARN__DUPLICATE_METHOD_MATCH = YES;
				CODE_SIGN_IDENTITY = "iPhone Developer";
				COPY_PHASE_STRIP = NO;
				DEBUG_INFORMATION_FORMAT = "dwarf-with-dsym";
				ENABLE_NS_ASSERTIONS = NO;
				ENABLE_STRICT_OBJC_MSGSEND = YES;
				GCC_C_LANGUAGE_STANDARD = gnu11;
				GCC_NO_COMMON_BLOCKS = YES;
				GCC_WARN_64_TO_32_BIT_CONVERSION = YES;
				GCC_WARN_ABOUT_RETURN_TYPE = YES_ERROR;
				GCC_WARN_UNDECLARED_SELECTOR = YES;
				GCC_WARN_UNINITIALIZED_AUTOS = YES_AGGRESSIVE;
				GCC_WARN_UNUSED_FUNCTION = YES;
				GCC_WARN_UNUSED_VARIABLE = YES;
				IPHONEOS_DEPLOYMENT_TARGET = 11.3;
				MTL_ENABLE_DEBUG_INFO = NO;
				SDKROOT = iphoneos;
				SWIFT_COMPILATION_MODE = wholemodule;
				SWIFT_OPTIMIZATION_LEVEL = "-O";
				VALIDATE_PRODUCT = YES;
			};
			name = Release;
		};
		1D2171AC207BFB370052D824 /* Debug */ = {
			isa = XCBuildConfiguration;
			buildSettings = {
				ASSETCATALOG_COMPILER_APPICON_NAME = AppIcon;
				CODE_SIGN_STYLE = Automatic;
				DEVELOPMENT_TEAM = 5Z3U2RC4H7;
				INFOPLIST_FILE = Clamour/Info.plist;
				LD_RUNPATH_SEARCH_PATHS = (
					"$(inherited)",
					"@executable_path/Frameworks",
				);
				PRODUCT_BUNDLE_IDENTIFIER = NaUKMA.Clamour;
				PRODUCT_NAME = "$(TARGET_NAME)";
				SWIFT_VERSION = 4.0;
				TARGETED_DEVICE_FAMILY = "1,2";
			};
			name = Debug;
		};
		1D2171AD207BFB370052D824 /* Release */ = {
			isa = XCBuildConfiguration;
			buildSettings = {
				ASSETCATALOG_COMPILER_APPICON_NAME = AppIcon;
				CODE_SIGN_STYLE = Automatic;
				DEVELOPMENT_TEAM = 5Z3U2RC4H7;
				INFOPLIST_FILE = Clamour/Info.plist;
				LD_RUNPATH_SEARCH_PATHS = (
					"$(inherited)",
					"@executable_path/Frameworks",
				);
				PRODUCT_BUNDLE_IDENTIFIER = NaUKMA.Clamour;
				PRODUCT_NAME = "$(TARGET_NAME)";
				SWIFT_VERSION = 4.0;
				TARGETED_DEVICE_FAMILY = "1,2";
			};
			name = Release;
		};
/* End XCBuildConfiguration section */

/* Begin XCConfigurationList section */
		1D217194207BFB360052D824 /* Build configuration list for PBXProject "Clamour" */ = {
			isa = XCConfigurationList;
			buildConfigurations = (
				1D2171A9207BFB370052D824 /* Debug */,
				1D2171AA207BFB370052D824 /* Release */,
			);
			defaultConfigurationIsVisible = 0;
			defaultConfigurationName = Release;
		};
		1D2171AB207BFB370052D824 /* Build configuration list for PBXNativeTarget "Clamour" */ = {
			isa = XCConfigurationList;
			buildConfigurations = (
				1D2171AC207BFB370052D824 /* Debug */,
				1D2171AD207BFB370052D824 /* Release */,
			);
			defaultConfigurationIsVisible = 0;
			defaultConfigurationName = Release;
		};
/* End XCConfigurationList section */
	};
	rootObject = 1D217191207BFB360052D824 /* Project object */;
}
