PODS:
  - DZNEmptyDataSet (1.8.1)
  - ExpandableCell (1.2.2)
  - FSCalendar (2.7.9)
  - iCarousel (1.8.3)
  - Realm (3.4.0):
    - Realm/Headers (= 3.4.0)
  - Realm/Headers (3.4.0)
  - SwiftyJSON (4.1.0)

DEPENDENCIES:
  - DZNEmptyDataSet
  - ExpandableCell
  - FSCalendar
  - iCarousel
  - Realm
  - SwiftyJSON

SPEC REPOS:
  https://github.com/CocoaPods/Specs.git:
    - DZNEmptyDataSet
    - ExpandableCell
    - FSCalendar
    - iCarousel
    - Realm
    - SwiftyJSON

SPEC CHECKSUMS:
  DZNEmptyDataSet: 9525833b9e68ac21c30253e1d3d7076cc828eaa7
  ExpandableCell: f2d99f9ae03a8c393e268adddaeb7f6d2525a76e
  FSCalendar: a04b09f16f811bc92e82f3cf852a15225233b9d5
  iCarousel: d782f635afac190c49bb8ee455882284cff8b85f
  Realm: 9527c7baa2260f3a3aad6823d2d71cafff9b046b
  SwiftyJSON: c29297daf073d2aa016295d5809cdd68045c39b3

PODFILE CHECKSUM: f64ee4b9694ec81ac2c851a2c2b074fb0375b508

COCOAPODS: 1.5.0
